github.com/iostrovok/check v0.0.14 h1:8HWiTSXo+JIW9UQ17PeFvEZob18JVUKpvK6ykgZN23M=
github.com/iostrovok/check v0.0.14/go.mod h1:+Ktc8XERQGGvu9Rq0dsFm9SaKyOZZFxpfWEgwmaBGOU=
github.com/iostrovok/go-convert v0.1.9 h1:lpb1AQSDccTNSDS0phCvD2r7SHRg5BO+1zu5bme9dCc=
github.com/iostrovok/go-convert v0.1.9/go.mod h1:HY8WAyoucU6LSNITYImQW3RWqvE7v8RdQ+oMk4ClvjI=
github.com/kr/pty v1.1.1/go.mod h1:pFQYn66WHrOpPYNljwOMqo10TkYh1fy3cYio2l3bCsQ=
github.com/kr/text v0.1.0 h1:45sCR5RtlFHMR4UwH9sdQ5TC8v0qDQCHnXt+kaKSTVE=
github.com/kr/text v0.1.0/go.mod h1:4Jbv+DJW3UT/LiOwJeYQe1efqtUx/iVham/4vfdArNI=
github.com/niemeyer/pretty v0.0.0-20200227124842-a10e7caefd8e h1:fD57ERR4JtEqsWbfPhv4DMiApHyliiK5xCTNVSPiaAs=
github.com/niemeyer/pretty v0.0.0-20200227124842-a10e7caefd8e/go.mod h1:zD1mROLANZcx1PVRCS0qkT7pwLkGfwJo4zjcN/Tysno=
